{
  "version": 4,
  "terraform_version": "1.5.7",
  "serial": 6,
  "lineage": "2ddd9027-5f02-1419-39d8-b02b5aaeda1c",
  "outputs": {
    "web_server_instance_ip": {
      "value": "34.136.212.112",
      "type": "string"
    },
    "web_server_instance_name": {
      "value": "tf-gcp-web-server",
      "type": "string"
    }
  },
  "resources": [
    {
      "module": "module.web_server",
      "mode": "managed",
      "type": "google_compute_firewall",
      "name": "default",
      "provider": "provider[\"registry.terraform.io/hashicorp/google\"]",
      "instances": [
        {
          "schema_version": 1,
          "attributes": {
            "allow": [
              {
                "ports": [
                  "80",
                  "443"
                ],
                "protocol": "tcp"
              }
            ],
            "creation_timestamp": "2024-08-15T20:11:23.880-07:00",
            "deny": [],
            "description": "",
            "destination_ranges": [],
            "direction": "INGRESS",
            "disabled": false,
            "enable_logging": null,
            "id": "projects/lsa-data-425320/global/firewalls/allow-http-https",
            "log_config": [],
            "name": "allow-http-https",
            "network": "https://www.googleapis.com/compute/v1/projects/lsa-data-425320/global/networks/default",
            "priority": 1000,
            "project": "lsa-data-425320",
            "self_link": "https://www.googleapis.com/compute/v1/projects/lsa-data-425320/global/firewalls/allow-http-https",
            "source_ranges": [
              "0.0.0.0/0"
            ],
            "source_service_accounts": null,
            "source_tags": null,
            "target_service_accounts": null,
            "target_tags": null,
            "timeouts": null
          },
          "sensitive_attributes": [],
          "private": "eyJlMmJmYjczMC1lY2FhLTExZTYtOGY4OC0zNDM2M2JjN2M0YzAiOnsiY3JlYXRlIjoxMjAwMDAwMDAwMDAwLCJkZWxldGUiOjEyMDAwMDAwMDAwMDAsInVwZGF0ZSI6MTIwMDAwMDAwMDAwMH0sInNjaGVtYV92ZXJzaW9uIjoiMSJ9"
        }
      ]
    },
    {
      "module": "module.web_server",
      "mode": "managed",
      "type": "google_compute_instance",
      "name": "web_server",
      "provider": "provider[\"registry.terraform.io/hashicorp/google\"]",
      "instances": [
        {
          "schema_version": 6,
          "attributes": {
            "advanced_machine_features": [],
            "allow_stopping_for_update": null,
            "attached_disk": [],
            "boot_disk": [
              {
                "auto_delete": true,
                "device_name": "persistent-disk-0",
                "disk_encryption_key_raw": "",
                "disk_encryption_key_sha256": "",
                "initialize_params": [
                  {
                    "enable_confidential_compute": false,
                    "image": "https://www.googleapis.com/compute/v1/projects/ubuntu-os-cloud/global/images/ubuntu-2004-focal-v20240808",
                    "labels": {},
                    "provisioned_iops": 0,
                    "provisioned_throughput": 0,
                    "resource_manager_tags": {},
                    "size": 10,
                    "storage_pool": "",
                    "type": "pd-standard"
                  }
                ],
                "kms_key_self_link": "",
                "mode": "READ_WRITE",
                "source": "https://www.googleapis.com/compute/v1/projects/lsa-data-425320/zones/us-central1-c/disks/tf-gcp-web-server"
              }
            ],
            "can_ip_forward": false,
            "confidential_instance_config": [],
            "cpu_platform": "Intel Broadwell",
            "current_status": "RUNNING",
            "deletion_protection": false,
            "description": "",
            "desired_status": null,
            "effective_labels": {},
            "enable_display": false,
            "guest_accelerator": [],
            "hostname": "",
            "id": "projects/lsa-data-425320/zones/us-central1-c/instances/tf-gcp-web-server",
            "instance_id": "3105698976609042014",
            "label_fingerprint": "42WmSpB8rSM=",
            "labels": {},
            "machine_type": "e2-micro",
            "metadata": {},
            "metadata_fingerprint": "VgGoSwoY27U=",
            "metadata_startup_script": "#!/bin/bash\n\n# Debug: Start the script\necho \"Starting Apache update...\"\n\n# Update package list and upgrade packages\nsudo apt-get update -y\nsudo apt-get upgrade -y\n\n# Install or update Apache\nsudo apt-get install -y apache2\necho -e \"\u003ch1\u003eHey Amir\\nIt works!\u003c/h1\u003e\" | sudo tee /var/www/html/index.html\n # יוצר דף אינטרנט פשוט\n# Debug: Apache installed or updated\necho \"Apache installed or updated.\"\n\n# Restart Apache to apply changes\nsudo systemctl restart apache2\n\n# Debug: Apache restarted\necho \"Apache restarted.\"\n\n# Debug: End the script\necho \"Apache update completed.\"\n",
            "min_cpu_platform": "",
            "name": "tf-gcp-web-server",
            "network_interface": [
              {
                "access_config": [
                  {
                    "nat_ip": "34.136.212.112",
                    "network_tier": "PREMIUM",
                    "public_ptr_domain_name": ""
                  }
                ],
                "alias_ip_range": [],
                "internal_ipv6_prefix_length": 0,
                "ipv6_access_config": [],
                "ipv6_access_type": "",
                "ipv6_address": "",
                "name": "nic0",
                "network": "https://www.googleapis.com/compute/v1/projects/lsa-data-425320/global/networks/default",
                "network_ip": "10.128.0.3",
                "nic_type": "",
                "queue_count": 0,
                "stack_type": "IPV4_ONLY",
                "subnetwork": "https://www.googleapis.com/compute/v1/projects/lsa-data-425320/regions/us-central1/subnetworks/default",
                "subnetwork_project": "lsa-data-425320"
              }
            ],
            "network_performance_config": [],
            "params": [],
            "project": "lsa-data-425320",
            "reservation_affinity": [],
            "resource_policies": [],
            "scheduling": [
              {
                "automatic_restart": true,
                "instance_termination_action": "",
                "local_ssd_recovery_timeout": [],
                "max_run_duration": [],
                "min_node_cpus": 0,
                "node_affinities": [],
                "on_host_maintenance": "MIGRATE",
                "on_instance_stop_action": [],
                "preemptible": false,
                "provisioning_model": "STANDARD"
              }
            ],
            "scratch_disk": [],
            "self_link": "https://www.googleapis.com/compute/v1/projects/lsa-data-425320/zones/us-central1-c/instances/tf-gcp-web-server",
            "service_account": [],
            "shielded_instance_config": [
              {
                "enable_integrity_monitoring": true,
                "enable_secure_boot": false,
                "enable_vtpm": true
              }
            ],
            "tags": [
              "http-server",
              "https-server"
            ],
            "tags_fingerprint": "6smc4R4d39I=",
            "terraform_labels": {},
            "timeouts": null,
            "zone": "us-central1-c"
          },
          "sensitive_attributes": [],
          "private": "eyJlMmJmYjczMC1lY2FhLTExZTYtOGY4OC0zNDM2M2JjN2M0YzAiOnsiY3JlYXRlIjoxMjAwMDAwMDAwMDAwLCJkZWxldGUiOjEyMDAwMDAwMDAwMDAsInVwZGF0ZSI6MTIwMDAwMDAwMDAwMH0sInNjaGVtYV92ZXJzaW9uIjoiNiJ9"
        }
      ]
    }
  ],
  "check_results": null
}
